
Microsoft Visual Studio Solution File, Format Version 12.00
# Visual Studio 14
VisualStudioVersion = 14.0.25123.0
MinimumVisualStudioVersion = 10.0.40219.1
Project("{2150E333-8FDC-42A3-9474-1A3956D46DE8}") = "Apps.Base", "Apps.Base", "{35241643-50B7-466C-ADBE-219A41FC4975}"
EndProject
Project("{FAE04EC0-301F-11D3-BF4B-00C04F79EFBC}") = "Apps.BLL", "Apps.BLL\Apps.BLL.csproj", "{1C8874C5-11F4-4080-8189-877B1158C0DC}"
EndProject
Project("{FAE04EC0-301F-11D3-BF4B-00C04F79EFBC}") = "Apps.DAL", "Apps.DAL\Apps.DAL.csproj", "{73181E58-B8CF-439C-9181-DE42DB4FE4EA}"
EndProject
Project("{FAE04EC0-301F-11D3-BF4B-00C04F79EFBC}") = "Apps.IBLL", "Apps.IBLL\Apps.IBLL.csproj", "{7C71993D-7BFB-46F8-A018-47DE5B96E1D4}"
EndProject
Project("{FAE04EC0-301F-11D3-BF4B-00C04F79EFBC}") = "Apps.IDAL", "Apps.IDAL\Apps.IDAL.csproj", "{5B06C1AB-9717-46A1-9395-6D07630BB9D2}"
EndProject
Project("{FAE04EC0-301F-11D3-BF4B-00C04F79EFBC}") = "Apps.Common", "Apps.Common\Apps.Common.csproj", "{06502DFC-330B-4E94-9C76-A43385B7BA39}"
EndProject
Project("{FAE04EC0-301F-11D3-BF4B-00C04F79EFBC}") = "Apps.Core", "Apps.Core\Apps.Core.csproj", "{ABF6882B-BAB2-430D-B990-090C798E2574}"
EndProject
Project("{FAE04EC0-301F-11D3-BF4B-00C04F79EFBC}") = "Apps.Locale", "Apps.Locale\Apps.Locale.csproj", "{0287E1DA-8C90-478E-BECE-84740862ACAA}"
EndProject
Project("{FAE04EC0-301F-11D3-BF4B-00C04F79EFBC}") = "Apps.Jobs", "Apps.Jobs\Apps.Jobs.csproj", "{D6B7FA90-8E49-4B89-A168-3931F30383BD}"
EndProject
Project("{FAE04EC0-301F-11D3-BF4B-00C04F79EFBC}") = "Apps.WebApi", "Apps.WebApi\Apps.WebApi.csproj", "{6D8334C6-AEA7-431C-A61A-E52DACF1A878}"
EndProject
Project("{FAE04EC0-301F-11D3-BF4B-00C04F79EFBC}") = "Apps.Models", "Apps.Models\Apps.Models.csproj", "{C3077F16-498C-4AED-BAB0-AC7C6EA3436F}"
EndProject
Project("{FAE04EC0-301F-11D3-BF4B-00C04F79EFBC}") = "Apps.Admins", "Apps.Admins\Apps.Admins.csproj", "{0CA0F9F0-CCDE-42A5-9CD2-20F80CCADDE8}"
EndProject
Project("{FAE04EC0-301F-11D3-BF4B-00C04F79EFBC}") = "Apps.Web", "Apps.Web\Apps.Web.csproj", "{B565F6A1-A819-4D90-AAE2-06090B4EF13E}"
EndProject
Project("{FAE04EC0-301F-11D3-BF4B-00C04F79EFBC}") = "Apps.T4", "Apps.T4\Apps.T4.csproj", "{E5747B5A-7ECF-463C-B2AA-02241B6A941F}"
EndProject
Project("{FAE04EC0-301F-11D3-BF4B-00C04F79EFBC}") = "Apps.Lang", "Apps.Lang\Apps.Lang.csproj", "{C0CF06D2-1D63-4977-AD09-40D2BFB0AAC9}"
EndProject
Project("{2150E333-8FDC-42A3-9474-1A3956D46DE8}") = "Apps.MIS", "Apps.MIS", "{E41AA3BA-2281-492B-91E3-D4D6F2819566}"
EndProject
Project("{FAE04EC0-301F-11D3-BF4B-00C04F79EFBC}") = "Apps.MIS.BLL", "Apps.MIS.BLL\Apps.MIS.BLL.csproj", "{AB1C2DEB-061C-4607-BC12-22C50AC223FA}"
EndProject
Project("{FAE04EC0-301F-11D3-BF4B-00C04F79EFBC}") = "Apps.MIS.IBLL", "Apps.MIS.IBLL\Apps.MIS.IBLL.csproj", "{3F98FF29-E016-484A-9629-4C6C14DA468C}"
EndProject
Project("{FAE04EC0-301F-11D3-BF4B-00C04F79EFBC}") = "Apps.MIS.IDAL", "Apps.MIS.IDAL\Apps.MIS.IDAL.csproj", "{78761B4C-2357-4087-8DCD-E0B80984BB59}"
EndProject
Project("{FAE04EC0-301F-11D3-BF4B-00C04F79EFBC}") = "Apps.MIS.DAL", "Apps.MIS.DAL\Apps.MIS.DAL.csproj", "{489EADB7-9996-46A7-B8D8-0417B63E031D}"
EndProject
Project("{FAE04EC0-301F-11D3-BF4B-00C04F79EFBC}") = "swfupload_demo", "swfupload_demo\swfupload_demo\swfupload_demo.csproj", "{9B60BB43-1659-4BD3-A283-EAE216D9B349}"
EndProject
Project("{2150E333-8FDC-42A3-9474-1A3956D46DE8}") = "Apps.Flow", "Apps.Flow", "{7E61A231-E6D3-4C05-80EF-F285FF302FA1}"
EndProject
Project("{FAE04EC0-301F-11D3-BF4B-00C04F79EFBC}") = "Apps.Flow.IDAL", "Apps.Flow.IDAL\Apps.Flow.IDAL.csproj", "{1BFD3333-9CBB-4E2B-A673-3CEAE0DFC7BF}"
EndProject
Project("{FAE04EC0-301F-11D3-BF4B-00C04F79EFBC}") = "Apps.Flow.DAL", "Apps.Flow.DAL\Apps.Flow.DAL.csproj", "{E0AB3E98-0C07-4A52-A07B-280DC12F0117}"
EndProject
Project("{FAE04EC0-301F-11D3-BF4B-00C04F79EFBC}") = "Apps.Flow.IBLL", "Apps.Flow.IBLL\Apps.Flow.IBLL.csproj", "{DC0F96D2-5137-4140-8AE7-BEC1C39615AA}"
EndProject
Project("{FAE04EC0-301F-11D3-BF4B-00C04F79EFBC}") = "Apps.Flow.BLL", "Apps.Flow.BLL\Apps.Flow.BLL.csproj", "{16436753-CBEF-4739-8BF1-859F59206013}"
EndProject
Global
	GlobalSection(SolutionConfigurationPlatforms) = preSolution
		Debug|Any CPU = Debug|Any CPU
		Release|Any CPU = Release|Any CPU
	EndGlobalSection
	GlobalSection(ProjectConfigurationPlatforms) = postSolution
		{1C8874C5-11F4-4080-8189-877B1158C0DC}.Debug|Any CPU.ActiveCfg = Debug|Any CPU
		{1C8874C5-11F4-4080-8189-877B1158C0DC}.Debug|Any CPU.Build.0 = Debug|Any CPU
		{1C8874C5-11F4-4080-8189-877B1158C0DC}.Release|Any CPU.ActiveCfg = Release|Any CPU
		{1C8874C5-11F4-4080-8189-877B1158C0DC}.Release|Any CPU.Build.0 = Release|Any CPU
		{73181E58-B8CF-439C-9181-DE42DB4FE4EA}.Debug|Any CPU.ActiveCfg = Debug|Any CPU
		{73181E58-B8CF-439C-9181-DE42DB4FE4EA}.Debug|Any CPU.Build.0 = Debug|Any CPU
		{73181E58-B8CF-439C-9181-DE42DB4FE4EA}.Release|Any CPU.ActiveCfg = Release|Any CPU
		{73181E58-B8CF-439C-9181-DE42DB4FE4EA}.Release|Any CPU.Build.0 = Release|Any CPU
		{7C71993D-7BFB-46F8-A018-47DE5B96E1D4}.Debug|Any CPU.ActiveCfg = Debug|Any CPU
		{7C71993D-7BFB-46F8-A018-47DE5B96E1D4}.Debug|Any CPU.Build.0 = Debug|Any CPU
		{7C71993D-7BFB-46F8-A018-47DE5B96E1D4}.Release|Any CPU.ActiveCfg = Release|Any CPU
		{7C71993D-7BFB-46F8-A018-47DE5B96E1D4}.Release|Any CPU.Build.0 = Release|Any CPU
		{5B06C1AB-9717-46A1-9395-6D07630BB9D2}.Debug|Any CPU.ActiveCfg = Debug|Any CPU
		{5B06C1AB-9717-46A1-9395-6D07630BB9D2}.Debug|Any CPU.Build.0 = Debug|Any CPU
		{5B06C1AB-9717-46A1-9395-6D07630BB9D2}.Release|Any CPU.ActiveCfg = Release|Any CPU
		{5B06C1AB-9717-46A1-9395-6D07630BB9D2}.Release|Any CPU.Build.0 = Release|Any CPU
		{06502DFC-330B-4E94-9C76-A43385B7BA39}.Debug|Any CPU.ActiveCfg = Debug|Any CPU
		{06502DFC-330B-4E94-9C76-A43385B7BA39}.Debug|Any CPU.Build.0 = Debug|Any CPU
		{06502DFC-330B-4E94-9C76-A43385B7BA39}.Release|Any CPU.ActiveCfg = Release|Any CPU
		{06502DFC-330B-4E94-9C76-A43385B7BA39}.Release|Any CPU.Build.0 = Release|Any CPU
		{ABF6882B-BAB2-430D-B990-090C798E2574}.Debug|Any CPU.ActiveCfg = Debug|Any CPU
		{ABF6882B-BAB2-430D-B990-090C798E2574}.Debug|Any CPU.Build.0 = Debug|Any CPU
		{ABF6882B-BAB2-430D-B990-090C798E2574}.Release|Any CPU.ActiveCfg = Release|Any CPU
		{ABF6882B-BAB2-430D-B990-090C798E2574}.Release|Any CPU.Build.0 = Release|Any CPU
		{0287E1DA-8C90-478E-BECE-84740862ACAA}.Debug|Any CPU.ActiveCfg = Debug|Any CPU
		{0287E1DA-8C90-478E-BECE-84740862ACAA}.Debug|Any CPU.Build.0 = Debug|Any CPU
		{0287E1DA-8C90-478E-BECE-84740862ACAA}.Release|Any CPU.ActiveCfg = Release|Any CPU
		{0287E1DA-8C90-478E-BECE-84740862ACAA}.Release|Any CPU.Build.0 = Release|Any CPU
		{D6B7FA90-8E49-4B89-A168-3931F30383BD}.Debug|Any CPU.ActiveCfg = Debug|Any CPU
		{D6B7FA90-8E49-4B89-A168-3931F30383BD}.Debug|Any CPU.Build.0 = Debug|Any CPU
		{D6B7FA90-8E49-4B89-A168-3931F30383BD}.Release|Any CPU.ActiveCfg = Release|Any CPU
		{D6B7FA90-8E49-4B89-A168-3931F30383BD}.Release|Any CPU.Build.0 = Release|Any CPU
		{6D8334C6-AEA7-431C-A61A-E52DACF1A878}.Debug|Any CPU.ActiveCfg = Debug|Any CPU
		{6D8334C6-AEA7-431C-A61A-E52DACF1A878}.Debug|Any CPU.Build.0 = Debug|Any CPU
		{6D8334C6-AEA7-431C-A61A-E52DACF1A878}.Release|Any CPU.ActiveCfg = Release|Any CPU
		{6D8334C6-AEA7-431C-A61A-E52DACF1A878}.Release|Any CPU.Build.0 = Release|Any CPU
		{C3077F16-498C-4AED-BAB0-AC7C6EA3436F}.Debug|Any CPU.ActiveCfg = Debug|Any CPU
		{C3077F16-498C-4AED-BAB0-AC7C6EA3436F}.Debug|Any CPU.Build.0 = Debug|Any CPU
		{C3077F16-498C-4AED-BAB0-AC7C6EA3436F}.Release|Any CPU.ActiveCfg = Release|Any CPU
		{C3077F16-498C-4AED-BAB0-AC7C6EA3436F}.Release|Any CPU.Build.0 = Release|Any CPU
		{0CA0F9F0-CCDE-42A5-9CD2-20F80CCADDE8}.Debug|Any CPU.ActiveCfg = Debug|Any CPU
		{0CA0F9F0-CCDE-42A5-9CD2-20F80CCADDE8}.Debug|Any CPU.Build.0 = Debug|Any CPU
		{0CA0F9F0-CCDE-42A5-9CD2-20F80CCADDE8}.Release|Any CPU.ActiveCfg = Release|Any CPU
		{0CA0F9F0-CCDE-42A5-9CD2-20F80CCADDE8}.Release|Any CPU.Build.0 = Release|Any CPU
		{B565F6A1-A819-4D90-AAE2-06090B4EF13E}.Debug|Any CPU.ActiveCfg = Debug|Any CPU
		{B565F6A1-A819-4D90-AAE2-06090B4EF13E}.Debug|Any CPU.Build.0 = Debug|Any CPU
		{B565F6A1-A819-4D90-AAE2-06090B4EF13E}.Release|Any CPU.ActiveCfg = Release|Any CPU
		{B565F6A1-A819-4D90-AAE2-06090B4EF13E}.Release|Any CPU.Build.0 = Release|Any CPU
		{E5747B5A-7ECF-463C-B2AA-02241B6A941F}.Debug|Any CPU.ActiveCfg = Debug|Any CPU
		{E5747B5A-7ECF-463C-B2AA-02241B6A941F}.Debug|Any CPU.Build.0 = Debug|Any CPU
		{E5747B5A-7ECF-463C-B2AA-02241B6A941F}.Release|Any CPU.ActiveCfg = Release|Any CPU
		{E5747B5A-7ECF-463C-B2AA-02241B6A941F}.Release|Any CPU.Build.0 = Release|Any CPU
		{C0CF06D2-1D63-4977-AD09-40D2BFB0AAC9}.Debug|Any CPU.ActiveCfg = Debug|Any CPU
		{C0CF06D2-1D63-4977-AD09-40D2BFB0AAC9}.Debug|Any CPU.Build.0 = Debug|Any CPU
		{C0CF06D2-1D63-4977-AD09-40D2BFB0AAC9}.Release|Any CPU.ActiveCfg = Release|Any CPU
		{C0CF06D2-1D63-4977-AD09-40D2BFB0AAC9}.Release|Any CPU.Build.0 = Release|Any CPU
		{AB1C2DEB-061C-4607-BC12-22C50AC223FA}.Debug|Any CPU.ActiveCfg = Debug|Any CPU
		{AB1C2DEB-061C-4607-BC12-22C50AC223FA}.Debug|Any CPU.Build.0 = Debug|Any CPU
		{AB1C2DEB-061C-4607-BC12-22C50AC223FA}.Release|Any CPU.ActiveCfg = Release|Any CPU
		{AB1C2DEB-061C-4607-BC12-22C50AC223FA}.Release|Any CPU.Build.0 = Release|Any CPU
		{3F98FF29-E016-484A-9629-4C6C14DA468C}.Debug|Any CPU.ActiveCfg = Debug|Any CPU
		{3F98FF29-E016-484A-9629-4C6C14DA468C}.Debug|Any CPU.Build.0 = Debug|Any CPU
		{3F98FF29-E016-484A-9629-4C6C14DA468C}.Release|Any CPU.ActiveCfg = Release|Any CPU
		{3F98FF29-E016-484A-9629-4C6C14DA468C}.Release|Any CPU.Build.0 = Release|Any CPU
		{78761B4C-2357-4087-8DCD-E0B80984BB59}.Debug|Any CPU.ActiveCfg = Debug|Any CPU
		{78761B4C-2357-4087-8DCD-E0B80984BB59}.Debug|Any CPU.Build.0 = Debug|Any CPU
		{78761B4C-2357-4087-8DCD-E0B80984BB59}.Release|Any CPU.ActiveCfg = Release|Any CPU
		{78761B4C-2357-4087-8DCD-E0B80984BB59}.Release|Any CPU.Build.0 = Release|Any CPU
		{489EADB7-9996-46A7-B8D8-0417B63E031D}.Debug|Any CPU.ActiveCfg = Debug|Any CPU
		{489EADB7-9996-46A7-B8D8-0417B63E031D}.Debug|Any CPU.Build.0 = Debug|Any CPU
		{489EADB7-9996-46A7-B8D8-0417B63E031D}.Release|Any CPU.ActiveCfg = Release|Any CPU
		{489EADB7-9996-46A7-B8D8-0417B63E031D}.Release|Any CPU.Build.0 = Release|Any CPU
		{9B60BB43-1659-4BD3-A283-EAE216D9B349}.Debug|Any CPU.ActiveCfg = Debug|Any CPU
		{9B60BB43-1659-4BD3-A283-EAE216D9B349}.Debug|Any CPU.Build.0 = Debug|Any CPU
		{9B60BB43-1659-4BD3-A283-EAE216D9B349}.Release|Any CPU.ActiveCfg = Release|Any CPU
		{9B60BB43-1659-4BD3-A283-EAE216D9B349}.Release|Any CPU.Build.0 = Release|Any CPU
		{1BFD3333-9CBB-4E2B-A673-3CEAE0DFC7BF}.Debug|Any CPU.ActiveCfg = Debug|Any CPU
		{1BFD3333-9CBB-4E2B-A673-3CEAE0DFC7BF}.Debug|Any CPU.Build.0 = Debug|Any CPU
		{1BFD3333-9CBB-4E2B-A673-3CEAE0DFC7BF}.Release|Any CPU.ActiveCfg = Release|Any CPU
		{1BFD3333-9CBB-4E2B-A673-3CEAE0DFC7BF}.Release|Any CPU.Build.0 = Release|Any CPU
		{E0AB3E98-0C07-4A52-A07B-280DC12F0117}.Debug|Any CPU.ActiveCfg = Debug|Any CPU
		{E0AB3E98-0C07-4A52-A07B-280DC12F0117}.Debug|Any CPU.Build.0 = Debug|Any CPU
		{E0AB3E98-0C07-4A52-A07B-280DC12F0117}.Release|Any CPU.ActiveCfg = Release|Any CPU
		{E0AB3E98-0C07-4A52-A07B-280DC12F0117}.Release|Any CPU.Build.0 = Release|Any CPU
		{DC0F96D2-5137-4140-8AE7-BEC1C39615AA}.Debug|Any CPU.ActiveCfg = Debug|Any CPU
		{DC0F96D2-5137-4140-8AE7-BEC1C39615AA}.Debug|Any CPU.Build.0 = Debug|Any CPU
		{DC0F96D2-5137-4140-8AE7-BEC1C39615AA}.Release|Any CPU.ActiveCfg = Release|Any CPU
		{DC0F96D2-5137-4140-8AE7-BEC1C39615AA}.Release|Any CPU.Build.0 = Release|Any CPU
		{16436753-CBEF-4739-8BF1-859F59206013}.Debug|Any CPU.ActiveCfg = Debug|Any CPU
		{16436753-CBEF-4739-8BF1-859F59206013}.Debug|Any CPU.Build.0 = Debug|Any CPU
		{16436753-CBEF-4739-8BF1-859F59206013}.Release|Any CPU.ActiveCfg = Release|Any CPU
		{16436753-CBEF-4739-8BF1-859F59206013}.Release|Any CPU.Build.0 = Release|Any CPU
	EndGlobalSection
	GlobalSection(SolutionProperties) = preSolution
		HideSolutionNode = FALSE
	EndGlobalSection
	GlobalSection(NestedProjects) = preSolution
		{1C8874C5-11F4-4080-8189-877B1158C0DC} = {35241643-50B7-466C-ADBE-219A41FC4975}
		{73181E58-B8CF-439C-9181-DE42DB4FE4EA} = {35241643-50B7-466C-ADBE-219A41FC4975}
		{7C71993D-7BFB-46F8-A018-47DE5B96E1D4} = {35241643-50B7-466C-ADBE-219A41FC4975}
		{5B06C1AB-9717-46A1-9395-6D07630BB9D2} = {35241643-50B7-466C-ADBE-219A41FC4975}
		{AB1C2DEB-061C-4607-BC12-22C50AC223FA} = {E41AA3BA-2281-492B-91E3-D4D6F2819566}
		{3F98FF29-E016-484A-9629-4C6C14DA468C} = {E41AA3BA-2281-492B-91E3-D4D6F2819566}
		{78761B4C-2357-4087-8DCD-E0B80984BB59} = {E41AA3BA-2281-492B-91E3-D4D6F2819566}
		{489EADB7-9996-46A7-B8D8-0417B63E031D} = {E41AA3BA-2281-492B-91E3-D4D6F2819566}
		{1BFD3333-9CBB-4E2B-A673-3CEAE0DFC7BF} = {7E61A231-E6D3-4C05-80EF-F285FF302FA1}
		{E0AB3E98-0C07-4A52-A07B-280DC12F0117} = {7E61A231-E6D3-4C05-80EF-F285FF302FA1}
		{DC0F96D2-5137-4140-8AE7-BEC1C39615AA} = {7E61A231-E6D3-4C05-80EF-F285FF302FA1}
		{16436753-CBEF-4739-8BF1-859F59206013} = {7E61A231-E6D3-4C05-80EF-F285FF302FA1}
	EndGlobalSection
EndGlobal
